PODS:
  - ChameleonFramework/Default (2.1.0)
  - ChameleonFramework/Swift (2.1.0):
    - ChameleonFramework/Default
  - Realm (3.11.2):
    - Realm/Headers (= 3.11.2)
  - Realm/Headers (3.11.2)
  - RealmSwift (3.11.2):
    - Realm (= 3.11.2)
  - RxAtomic (4.4.0)
  - RxSwift (4.4.0):
    - RxAtomic (~> 4.4)
  - SwiftLint (0.28.1)
  - SwipeCellKit (2.5.0)

DEPENDENCIES:
  - ChameleonFramework/Swift (from `https://github.com/ViccAlexander/Chameleon.git`)
  - RealmSwift
  - RxSwift
  - SwiftLint
  - SwipeCellKit

SPEC REPOS:
  https://github.com/cocoapods/specs.git:
    - Realm
    - RealmSwift
    - RxAtomic
    - RxSwift
    - SwiftLint
    - SwipeCellKit

EXTERNAL SOURCES:
  ChameleonFramework:
    :git: https://github.com/ViccAlexander/Chameleon.git

CHECKOUT OPTIONS:
  ChameleonFramework:
    :commit: 6dd284bde21ea2e7f9fd89bc36f40df16e16369d
    :git: https://github.com/ViccAlexander/Chameleon.git

SPEC CHECKSUMS:
  ChameleonFramework: d21a3cc247abfe5e37609a283a8238b03575cf64
  Realm: 864477d028db77f7c5a0cba64a4892ad53db128a
  RealmSwift: 12b8262fc08020b47de4fd88eb3d5c9425b34ec7
  RxAtomic: eacf60db868c96bfd63320e28619fe29c179656f
  RxSwift: 5976ecd04fc2fefd648827c23de5e11157faa973
  SwiftLint: 7f5f7de0da74a649b16616cb5246ae323489656e
  SwipeCellKit: d8f2617538ce3021cb0a11d1b93856a06a2f2e20

PODFILE CHECKSUM: 45987efbef2a5f4baa352683d1f67d1750bbcf87

COCOAPODS: 1.6.0.beta.2
